
Microsoft Visual Studio Solution File, Format Version 12.00
# Visual Studio Version 17
VisualStudioVersion = 17.11.35431.28
MinimumVisualStudioVersion = 10.0.40219.1
Project("{888888A0-9F3D-457C-B088-3A5042F75D52}") = "PACTool", "PACTool.pyproj", "{83246F0D-B32A-48FF-B080-450C3FF55C12}"
EndProject
Global
	GlobalSection(SolutionConfigurationPlatforms) = preSolution
		Debug|Any CPU = Debug|Any CPU
		Release|Any CPU = Release|Any CPU
	EndGlobalSection
	GlobalSection(ProjectConfigurationPlatforms) = postSolution
		{83246F0D-B32A-48FF-B080-450C3FF55C12}.Debug|Any CPU.ActiveCfg = Debug|Any CPU
		{83246F0D-B32A-48FF-B080-450C3FF55C12}.Release|Any CPU.ActiveCfg = Release|Any CPU
	EndGlobalSection
	GlobalSection(SolutionProperties) = preSolution
		HideSolutionNode = FALSE
	EndGlobalSection
	GlobalSection(ExtensibilityGlobals) = postSolution
		SolutionGuid = {A7A3D277-C17B-435C-B62F-1C635506FE8C}
	EndGlobalSection
EndGlobal
