
Microsoft Visual Studio Solution File, Format Version 12.00
# Visual Studio Version 17
VisualStudioVersion = 17.11.35431.28
MinimumVisualStudioVersion = 10.0.40219.1
Project("{888888A0-9F3D-457C-B088-3A5042F75D52}") = "PACTool", "PACTool.pyproj", "{1EC84663-0D15-4433-AA63-B8B111B3136F}"
EndProject
Global
	GlobalSection(SolutionConfigurationPlatforms) = preSolution
		Debug|Any CPU = Debug|Any CPU
		Release|Any CPU = Release|Any CPU
	EndGlobalSection
	GlobalSection(ProjectConfigurationPlatforms) = postSolution
		{1EC84663-0D15-4433-AA63-B8B111B3136F}.Debug|Any CPU.ActiveCfg = Debug|Any CPU
		{1EC84663-0D15-4433-AA63-B8B111B3136F}.Release|Any CPU.ActiveCfg = Release|Any CPU
	EndGlobalSection
	GlobalSection(SolutionProperties) = preSolution
		HideSolutionNode = FALSE
	EndGlobalSection
	GlobalSection(ExtensibilityGlobals) = postSolution
		SolutionGuid = {663585F7-D45C-4173-9819-DCEC08FD6797}
	EndGlobalSection
EndGlobal
