
Microsoft Visual Studio Solution File, Format Version 12.00
# Visual Studio Version 17
VisualStudioVersion = 17.11.35327.3
MinimumVisualStudioVersion = 10.0.40219.1
Project("{888888A0-9F3D-457C-B088-3A5042F75D52}") = "PACTool", "PACTool.pyproj", "{B2EE8CF4-3BE8-4E18-8496-3A1B1F1CFFF0}"
EndProject
Global
	GlobalSection(SolutionConfigurationPlatforms) = preSolution
		Debug|Any CPU = Debug|Any CPU
		Release|Any CPU = Release|Any CPU
	EndGlobalSection
	GlobalSection(ProjectConfigurationPlatforms) = postSolution
		{B2EE8CF4-3BE8-4E18-8496-3A1B1F1CFFF0}.Debug|Any CPU.ActiveCfg = Debug|Any CPU
		{B2EE8CF4-3BE8-4E18-8496-3A1B1F1CFFF0}.Release|Any CPU.ActiveCfg = Release|Any CPU
	EndGlobalSection
	GlobalSection(SolutionProperties) = preSolution
		HideSolutionNode = FALSE
	EndGlobalSection
	GlobalSection(ExtensibilityGlobals) = postSolution
		SolutionGuid = {A7A3D277-C17B-435C-B62F-1C635506FE8C}
	EndGlobalSection
EndGlobal
